schema: '2.0'
stages:
  download:
    cmd: python download.py
    params:
      params.yaml:
        nlocs: 30
        year: 2003
    outs:
    - path: downloaded_files/
      hash: md5
      md5: 70d31814890b4bf891b6ab48fa61b31a.dir
      size: 43336262
      nfiles: 30
  prepare:
    cmd: python prepare.py
    deps:
    - path: downloaded_files/
      hash: md5
      md5: 70d31814890b4bf891b6ab48fa61b31a.dir
      size: 43336262
      nfiles: 30
    params:
      params.yaml:
        nlocs: 30
        year: 2003
    outs:
    - path: fieldlist/
      hash: md5
      md5: ee41e5ef624de1bad1e192c8fdd5d290.dir
      size: 64
      nfiles: 1
    - path: groundtruth/
      hash: md5
      md5: 436d319cda1dc9ec82e88cfd90a2765b.dir
      size: 6076
      nfiles: 30
  process:
    cmd: python process.py
    deps:
    - path: downloaded_files/
      hash: md5
      md5: 70d31814890b4bf891b6ab48fa61b31a.dir
      size: 43336262
      nfiles: 30
    - path: fieldlist/
      hash: md5
      md5: ee41e5ef624de1bad1e192c8fdd5d290.dir
      size: 64
      nfiles: 1
    params:
      params.yaml:
        nlocs: 30
        year: 2003
    outs:
    - path: predicted/
      hash: md5
      md5: 9dc3b04fc8da372ecdaf0d4c88aeb324.dir
      size: 14779
      nfiles: 30
  evaluate:
    cmd: python evaluate.py
    deps:
    - path: fieldlist/
      hash: md5
      md5: ee41e5ef624de1bad1e192c8fdd5d290.dir
      size: 64
      nfiles: 1
    - path: groundtruth/
      hash: md5
      md5: 436d319cda1dc9ec82e88cfd90a2765b.dir
      size: 6076
      nfiles: 30
    - path: predicted/
      hash: md5
      md5: 9dc3b04fc8da372ecdaf0d4c88aeb324.dir
      size: 14779
      nfiles: 30
    params:
      params.yaml:
        nlocs: 30
        year: 2003
    outs:
    - path: r2score/
      hash: md5
      md5: acf517511ad21e96f5f66dae7f4c2a9d.dir
      size: 3866
      nfiles: 1
